<?xml version="1.0" encoding="utf-8"?>
<Project ToolsVersion="4.0" xmlns="http://schemas.microsoft.com/developer/msbuild/2003">
  <ItemGroup>
    <Filter Include="Source Files">
      <UniqueIdentifier>{4FC737F1-C7A5-4376-A066-2A32D752A2FF}</UniqueIdentifier>
      <Extensions>cpp;c;cc;cxx;def;odl;idl;hpj;bat;asm;asmx</Extensions>
    </Filter>
    <Filter Include="Header Files">
      <UniqueIdentifier>{93995380-89BD-4b04-88EB-625FBE52EBFB}</UniqueIdentifier>
      <Extensions>h;hh;hpp;hxx;hm;inl;inc;ipp;xsd</Extensions>
    </Filter>
    <Filter Include="Resource Files">
      <UniqueIdentifier>{67DA6AB6-F800-4c08-8B7A-83BB121AAD01}</UniqueIdentifier>
      <Extensions>rc;ico;cur;bmp;dlg;rc2;rct;bin;rgs;gif;jpg;jpeg;jpe;resx;tiff;tif;png;wav;mfcribbon-ms</Extensions>
    </Filter>
    <Filter Include="Shared">
      <UniqueIdentifier>{7de0c51f-bad1-43e1-9c59-5b8fa46502be}</UniqueIdentifier>
    </Filter>
  </ItemGroup>
  <ItemGroup>
    <ClInclude Include="..\Shared\SocketSendRecvTools.h">
      <Filter>Shared</Filter>
    </ClInclude>
    <ClInclude Include="..\Shared\MessegeHead.h">
      <Filter>Shared</Filter>
    </ClInclude>
    <ClInclude Include="..\Shared\SocketExampleShared.h">
      <Filter>Shared</Filter>
    </ClInclude>
    <ClInclude Include="..\group71_ex4_server\LeaderBoarrd.h">
      <Filter>Header Files</Filter>
    </ClInclude>
    <ClInclude Include="..\group71_ex4_server\MessegeHead.h">
      <Filter>Header Files</Filter>
    </ClInclude>
    <ClInclude Include="..\group71_ex4_server\ServerHadnler.h">
      <Filter>Header Files</Filter>
    </ClInclude>
    <ClInclude Include="..\group71_ex4_server\ServerMessageHandler.h">
      <Filter>Header Files</Filter>
    </ClInclude>
    <ClInclude Include="..\group71_ex4_server\Server.h">
      <Filter>Header Files</Filter>
    </ClInclude>
  </ItemGroup>
  <ItemGroup>
    <ClCompile Include="..\Shared\SocketSendRecvTools.c">
      <Filter>Shared</Filter>
    </ClCompile>
    <ClCompile Include="..\group71_ex4_server\ServerMessageHandler.c">
      <Filter>Source Files</Filter>
    </ClCompile>
    <ClCompile Include="..\group71_ex4_server\LeaderBoarrd.c">
      <Filter>Source Files</Filter>
    </ClCompile>
    <ClCompile Include="..\group71_ex4_server\server_main.c">
      <Filter>Source Files</Filter>
    </ClCompile>
    <ClCompile Include="..\group71_ex4_server\ServerHadnler.c">
      <Filter>Source Files</Filter>
    </ClCompile>
    <ClCompile Include="..\group71_ex4_server\Server.c">
      <Filter>Source Files</Filter>
    </ClCompile>
  </ItemGroup>
  <ItemGroup>
    <None Include="..\group71_ex4_server\LeaderBoard.csv">
      <Filter>Resource Files</Filter>
    </None>
  </ItemGroup>
</Project>